lockfileVersion: '9.0'

settings:
  autoInstallPeers: true
  excludeLinksFromLockfile: false

importers:

  .:
    {}

  packages/api:
    dependencies:
      hono:
        specifier: ^4.4.0
        version: 4.4.2
    devDependencies:
      '@hono/node-server':
        specifier: ^1.12.0
        version: 1.12.0

packages:

  '@hono/node-server@1.12.0':
    resolution: {integrity: sha512-JqJFxCpWAuxQLLnMOdAZXOmByQLpgzQPY5KYnQL8oFSMJiNcl9xEEJELPbhLkYZfYb5Ys25cAZ6ym5EAVlH0g==}
    engines: {node: '>=18.14.1'}

  hono@4.4.2:
    resolution: {integrity: sha512-xDOTXBRiiBD/OhNYGV8WpjqMF/D5sVOfBbPzygBSGHGqpxMIjhpBNHLCT/XMaT6KOXn5OWo51JbU+gsVzB2Ng==}
    engines: {node: '>=16.0.0'}

snapshots:

  '@hono/node-server@1.12.0':
    dependencies:
      hono: 4.4.2

  hono@4.4.2: {}
